
Microsoft Visual Studio Solution File, Format Version 12.00
# Visual Studio Version 16
VisualStudioVersion = 16.0.33214.272
MinimumVisualStudioVersion = 10.0.40219.1
Project("{9A19103F-16F7-4668-BE54-9A1E7A4F7556}") = "UserManagement", "CoreWebAPI\UserManagement.csproj", "{00F2B96C-D1E4-4FC6-AF3E-BA870C360B07}"
EndProject
Global
	GlobalSection(SolutionConfigurationPlatforms) = preSolution
		Debug|Any CPU = Debug|Any CPU
		Release|Any CPU = Release|Any CPU
	EndGlobalSection
	GlobalSection(ProjectConfigurationPlatforms) = postSolution
		{00F2B96C-D1E4-4FC6-AF3E-BA870C360B07}.Debug|Any CPU.ActiveCfg = Debug|Any CPU
		{00F2B96C-D1E4-4FC6-AF3E-BA870C360B07}.Debug|Any CPU.Build.0 = Debug|Any CPU
		{00F2B96C-D1E4-4FC6-AF3E-BA870C360B07}.Release|Any CPU.ActiveCfg = Release|Any CPU
		{00F2B96C-D1E4-4FC6-AF3E-BA870C360B07}.Release|Any CPU.Build.0 = Release|Any CPU
	EndGlobalSection
	GlobalSection(SolutionProperties) = preSolution
		HideSolutionNode = FALSE
	EndGlobalSection
	GlobalSection(ExtensibilityGlobals) = postSolution
		SolutionGuid = {A674BA83-4631-4E3D-842D-28C1FFA3F3E4}
	EndGlobalSection
EndGlobal
