
Microsoft Visual Studio Solution File, Format Version 12.00
# Visual Studio Version 16
VisualStudioVersion = 16.0.33130.400
MinimumVisualStudioVersion = 10.0.40219.1
Project("{FAE04EC0-301F-11D3-BF4B-00C04F79EFBC}") = "Assignment1_MVC", "Assignment1_MVC\Assignment1_MVC.csproj", "{886F5D1D-D50F-4E9E-A0C8-22BBC38D20C3}"
EndProject
Global
	GlobalSection(SolutionConfigurationPlatforms) = preSolution
		Debug|Any CPU = Debug|Any CPU
		Release|Any CPU = Release|Any CPU
	EndGlobalSection
	GlobalSection(ProjectConfigurationPlatforms) = postSolution
		{886F5D1D-D50F-4E9E-A0C8-22BBC38D20C3}.Debug|Any CPU.ActiveCfg = Debug|Any CPU
		{886F5D1D-D50F-4E9E-A0C8-22BBC38D20C3}.Debug|Any CPU.Build.0 = Debug|Any CPU
		{886F5D1D-D50F-4E9E-A0C8-22BBC38D20C3}.Release|Any CPU.ActiveCfg = Release|Any CPU
		{886F5D1D-D50F-4E9E-A0C8-22BBC38D20C3}.Release|Any CPU.Build.0 = Release|Any CPU
	EndGlobalSection
	GlobalSection(SolutionProperties) = preSolution
		HideSolutionNode = FALSE
	EndGlobalSection
	GlobalSection(ExtensibilityGlobals) = postSolution
		SolutionGuid = {712EA6B6-70A6-4FA2-8350-8BD72BC52B23}
	EndGlobalSection
EndGlobal
