
Microsoft Visual Studio Solution File, Format Version 12.00
# Visual Studio Version 16
VisualStudioVersion = 16.0.33130.400
MinimumVisualStudioVersion = 10.0.40219.1
Project("{FAE04EC0-301F-11D3-BF4B-00C04F79EFBC}") = "Adonet-SQLServerDemo", "Adonet-SQLServerDemo\Adonet-SQLServerDemo.csproj", "{03E39EFC-D40F-4182-B0E2-7780D1EDEFD6}"
EndProject
Global
	GlobalSection(SolutionConfigurationPlatforms) = preSolution
		Debug|Any CPU = Debug|Any CPU
		Release|Any CPU = Release|Any CPU
	EndGlobalSection
	GlobalSection(ProjectConfigurationPlatforms) = postSolution
		{03E39EFC-D40F-4182-B0E2-7780D1EDEFD6}.Debug|Any CPU.ActiveCfg = Debug|Any CPU
		{03E39EFC-D40F-4182-B0E2-7780D1EDEFD6}.Debug|Any CPU.Build.0 = Debug|Any CPU
		{03E39EFC-D40F-4182-B0E2-7780D1EDEFD6}.Release|Any CPU.ActiveCfg = Release|Any CPU
		{03E39EFC-D40F-4182-B0E2-7780D1EDEFD6}.Release|Any CPU.Build.0 = Release|Any CPU
	EndGlobalSection
	GlobalSection(SolutionProperties) = preSolution
		HideSolutionNode = FALSE
	EndGlobalSection
	GlobalSection(ExtensibilityGlobals) = postSolution
		SolutionGuid = {E904B0FE-DA8E-4DFF-BBA4-05FEADB2D18A}
	EndGlobalSection
EndGlobal
